
Microsoft Visual Studio Solution File, Format Version 12.00
# Visual Studio Version 17
VisualStudioVersion = 17.10.35122.118
MinimumVisualStudioVersion = 10.0.40219.1
Project("{FAE04EC0-301F-11D3-BF4B-00C04F79EFBC}") = "PGA.UWP", "PGA\PGA.UWP\PGA.UWP.csproj", "{CB28B17E-71EF-4741-8DB1-E993354CEBB1}"
EndProject
Project("{FAE04EC0-301F-11D3-BF4B-00C04F79EFBC}") = "PGA.Android", "PGA\PGA.Android\PGA.Android.csproj", "{EC9A71E9-0804-454C-8B2D-9A12C907B7A9}"
EndProject
Project("{9A19103F-16F7-4668-BE54-9A1E7A4F7556}") = "PGA", "PGA\PGA\PGA.csproj", "{2F9F0514-5A8D-43C6-984E-3A6BBBC40E5D}"
EndProject
Project("{9A19103F-16F7-4668-BE54-9A1E7A4F7556}") = "PGA.Api", "PGA.Api\PGA.Api.csproj", "{9996207C-7B4B-4A91-9994-A0C159ADAA09}"
EndProject
Global
	GlobalSection(SolutionConfigurationPlatforms) = preSolution
		Debug|Any CPU = Debug|Any CPU
		Debug|ARM = Debug|ARM
		Debug|x64 = Debug|x64
		Debug|x86 = Debug|x86
		Release|Any CPU = Release|Any CPU
		Release|ARM = Release|ARM
		Release|x64 = Release|x64
		Release|x86 = Release|x86
	EndGlobalSection
	GlobalSection(ProjectConfigurationPlatforms) = postSolution
		{CB28B17E-71EF-4741-8DB1-E993354CEBB1}.Debug|Any CPU.ActiveCfg = Debug|x64
		{CB28B17E-71EF-4741-8DB1-E993354CEBB1}.Debug|Any CPU.Build.0 = Debug|x64
		{CB28B17E-71EF-4741-8DB1-E993354CEBB1}.Debug|Any CPU.Deploy.0 = Debug|x64
		{CB28B17E-71EF-4741-8DB1-E993354CEBB1}.Debug|ARM.ActiveCfg = Debug|ARM
		{CB28B17E-71EF-4741-8DB1-E993354CEBB1}.Debug|ARM.Build.0 = Debug|ARM
		{CB28B17E-71EF-4741-8DB1-E993354CEBB1}.Debug|ARM.Deploy.0 = Debug|ARM
		{CB28B17E-71EF-4741-8DB1-E993354CEBB1}.Debug|x64.ActiveCfg = Debug|x64
		{CB28B17E-71EF-4741-8DB1-E993354CEBB1}.Debug|x64.Build.0 = Debug|x64
		{CB28B17E-71EF-4741-8DB1-E993354CEBB1}.Debug|x64.Deploy.0 = Debug|x64
		{CB28B17E-71EF-4741-8DB1-E993354CEBB1}.Debug|x86.ActiveCfg = Debug|x86
		{CB28B17E-71EF-4741-8DB1-E993354CEBB1}.Debug|x86.Build.0 = Debug|x86
		{CB28B17E-71EF-4741-8DB1-E993354CEBB1}.Debug|x86.Deploy.0 = Debug|x86
		{CB28B17E-71EF-4741-8DB1-E993354CEBB1}.Release|Any CPU.ActiveCfg = Release|x64
		{CB28B17E-71EF-4741-8DB1-E993354CEBB1}.Release|Any CPU.Build.0 = Release|x64
		{CB28B17E-71EF-4741-8DB1-E993354CEBB1}.Release|Any CPU.Deploy.0 = Release|x64
		{CB28B17E-71EF-4741-8DB1-E993354CEBB1}.Release|ARM.ActiveCfg = Release|ARM
		{CB28B17E-71EF-4741-8DB1-E993354CEBB1}.Release|ARM.Build.0 = Release|ARM
		{CB28B17E-71EF-4741-8DB1-E993354CEBB1}.Release|ARM.Deploy.0 = Release|ARM
		{CB28B17E-71EF-4741-8DB1-E993354CEBB1}.Release|x64.ActiveCfg = Release|x64
		{CB28B17E-71EF-4741-8DB1-E993354CEBB1}.Release|x64.Build.0 = Release|x64
		{CB28B17E-71EF-4741-8DB1-E993354CEBB1}.Release|x64.Deploy.0 = Release|x64
		{CB28B17E-71EF-4741-8DB1-E993354CEBB1}.Release|x86.ActiveCfg = Release|x86
		{CB28B17E-71EF-4741-8DB1-E993354CEBB1}.Release|x86.Build.0 = Release|x86
		{CB28B17E-71EF-4741-8DB1-E993354CEBB1}.Release|x86.Deploy.0 = Release|x86
		{EC9A71E9-0804-454C-8B2D-9A12C907B7A9}.Debug|Any CPU.ActiveCfg = Debug|Any CPU
		{EC9A71E9-0804-454C-8B2D-9A12C907B7A9}.Debug|Any CPU.Build.0 = Debug|Any CPU
		{EC9A71E9-0804-454C-8B2D-9A12C907B7A9}.Debug|Any CPU.Deploy.0 = Debug|Any CPU
		{EC9A71E9-0804-454C-8B2D-9A12C907B7A9}.Debug|ARM.ActiveCfg = Debug|Any CPU
		{EC9A71E9-0804-454C-8B2D-9A12C907B7A9}.Debug|ARM.Build.0 = Debug|Any CPU
		{EC9A71E9-0804-454C-8B2D-9A12C907B7A9}.Debug|ARM.Deploy.0 = Debug|Any CPU
		{EC9A71E9-0804-454C-8B2D-9A12C907B7A9}.Debug|x64.ActiveCfg = Debug|Any CPU
		{EC9A71E9-0804-454C-8B2D-9A12C907B7A9}.Debug|x64.Build.0 = Debug|Any CPU
		{EC9A71E9-0804-454C-8B2D-9A12C907B7A9}.Debug|x64.Deploy.0 = Debug|Any CPU
		{EC9A71E9-0804-454C-8B2D-9A12C907B7A9}.Debug|x86.ActiveCfg = Debug|Any CPU
		{EC9A71E9-0804-454C-8B2D-9A12C907B7A9}.Debug|x86.Build.0 = Debug|Any CPU
		{EC9A71E9-0804-454C-8B2D-9A12C907B7A9}.Debug|x86.Deploy.0 = Debug|Any CPU
		{EC9A71E9-0804-454C-8B2D-9A12C907B7A9}.Release|Any CPU.ActiveCfg = Release|Any CPU
		{EC9A71E9-0804-454C-8B2D-9A12C907B7A9}.Release|Any CPU.Build.0 = Release|Any CPU
		{EC9A71E9-0804-454C-8B2D-9A12C907B7A9}.Release|Any CPU.Deploy.0 = Release|Any CPU
		{EC9A71E9-0804-454C-8B2D-9A12C907B7A9}.Release|ARM.ActiveCfg = Release|Any CPU
		{EC9A71E9-0804-454C-8B2D-9A12C907B7A9}.Release|ARM.Build.0 = Release|Any CPU
		{EC9A71E9-0804-454C-8B2D-9A12C907B7A9}.Release|ARM.Deploy.0 = Release|Any CPU
		{EC9A71E9-0804-454C-8B2D-9A12C907B7A9}.Release|x64.ActiveCfg = Release|Any CPU
		{EC9A71E9-0804-454C-8B2D-9A12C907B7A9}.Release|x64.Build.0 = Release|Any CPU
		{EC9A71E9-0804-454C-8B2D-9A12C907B7A9}.Release|x64.Deploy.0 = Release|Any CPU
		{EC9A71E9-0804-454C-8B2D-9A12C907B7A9}.Release|x86.ActiveCfg = Release|Any CPU
		{EC9A71E9-0804-454C-8B2D-9A12C907B7A9}.Release|x86.Build.0 = Release|Any CPU
		{EC9A71E9-0804-454C-8B2D-9A12C907B7A9}.Release|x86.Deploy.0 = Release|Any CPU
		{2F9F0514-5A8D-43C6-984E-3A6BBBC40E5D}.Debug|Any CPU.ActiveCfg = Debug|Any CPU
		{2F9F0514-5A8D-43C6-984E-3A6BBBC40E5D}.Debug|Any CPU.Build.0 = Debug|Any CPU
		{2F9F0514-5A8D-43C6-984E-3A6BBBC40E5D}.Debug|Any CPU.Deploy.0 = Debug|Any CPU
		{2F9F0514-5A8D-43C6-984E-3A6BBBC40E5D}.Debug|ARM.ActiveCfg = Debug|Any CPU
		{2F9F0514-5A8D-43C6-984E-3A6BBBC40E5D}.Debug|ARM.Build.0 = Debug|Any CPU
		{2F9F0514-5A8D-43C6-984E-3A6BBBC40E5D}.Debug|ARM.Deploy.0 = Debug|Any CPU
		{2F9F0514-5A8D-43C6-984E-3A6BBBC40E5D}.Debug|x64.ActiveCfg = Debug|Any CPU
		{2F9F0514-5A8D-43C6-984E-3A6BBBC40E5D}.Debug|x64.Build.0 = Debug|Any CPU
		{2F9F0514-5A8D-43C6-984E-3A6BBBC40E5D}.Debug|x64.Deploy.0 = Debug|Any CPU
		{2F9F0514-5A8D-43C6-984E-3A6BBBC40E5D}.Debug|x86.ActiveCfg = Debug|Any CPU
		{2F9F0514-5A8D-43C6-984E-3A6BBBC40E5D}.Debug|x86.Build.0 = Debug|Any CPU
		{2F9F0514-5A8D-43C6-984E-3A6BBBC40E5D}.Debug|x86.Deploy.0 = Debug|Any CPU
		{2F9F0514-5A8D-43C6-984E-3A6BBBC40E5D}.Release|Any CPU.ActiveCfg = Release|Any CPU
		{2F9F0514-5A8D-43C6-984E-3A6BBBC40E5D}.Release|Any CPU.Build.0 = Release|Any CPU
		{2F9F0514-5A8D-43C6-984E-3A6BBBC40E5D}.Release|Any CPU.Deploy.0 = Release|Any CPU
		{2F9F0514-5A8D-43C6-984E-3A6BBBC40E5D}.Release|ARM.ActiveCfg = Release|Any CPU
		{2F9F0514-5A8D-43C6-984E-3A6BBBC40E5D}.Release|ARM.Build.0 = Release|Any CPU
		{2F9F0514-5A8D-43C6-984E-3A6BBBC40E5D}.Release|ARM.Deploy.0 = Release|Any CPU
		{2F9F0514-5A8D-43C6-984E-3A6BBBC40E5D}.Release|x64.ActiveCfg = Release|Any CPU
		{2F9F0514-5A8D-43C6-984E-3A6BBBC40E5D}.Release|x64.Build.0 = Release|Any CPU
		{2F9F0514-5A8D-43C6-984E-3A6BBBC40E5D}.Release|x64.Deploy.0 = Release|Any CPU
		{2F9F0514-5A8D-43C6-984E-3A6BBBC40E5D}.Release|x86.ActiveCfg = Release|Any CPU
		{2F9F0514-5A8D-43C6-984E-3A6BBBC40E5D}.Release|x86.Build.0 = Release|Any CPU
		{2F9F0514-5A8D-43C6-984E-3A6BBBC40E5D}.Release|x86.Deploy.0 = Release|Any CPU
		{9996207C-7B4B-4A91-9994-A0C159ADAA09}.Debug|Any CPU.ActiveCfg = Debug|Any CPU
		{9996207C-7B4B-4A91-9994-A0C159ADAA09}.Debug|Any CPU.Build.0 = Debug|Any CPU
		{9996207C-7B4B-4A91-9994-A0C159ADAA09}.Debug|ARM.ActiveCfg = Debug|Any CPU
		{9996207C-7B4B-4A91-9994-A0C159ADAA09}.Debug|ARM.Build.0 = Debug|Any CPU
		{9996207C-7B4B-4A91-9994-A0C159ADAA09}.Debug|x64.ActiveCfg = Debug|Any CPU
		{9996207C-7B4B-4A91-9994-A0C159ADAA09}.Debug|x64.Build.0 = Debug|Any CPU
		{9996207C-7B4B-4A91-9994-A0C159ADAA09}.Debug|x86.ActiveCfg = Debug|Any CPU
		{9996207C-7B4B-4A91-9994-A0C159ADAA09}.Debug|x86.Build.0 = Debug|Any CPU
		{9996207C-7B4B-4A91-9994-A0C159ADAA09}.Release|Any CPU.ActiveCfg = Release|Any CPU
		{9996207C-7B4B-4A91-9994-A0C159ADAA09}.Release|Any CPU.Build.0 = Release|Any CPU
		{9996207C-7B4B-4A91-9994-A0C159ADAA09}.Release|ARM.ActiveCfg = Release|Any CPU
		{9996207C-7B4B-4A91-9994-A0C159ADAA09}.Release|ARM.Build.0 = Release|Any CPU
		{9996207C-7B4B-4A91-9994-A0C159ADAA09}.Release|x64.ActiveCfg = Release|Any CPU
		{9996207C-7B4B-4A91-9994-A0C159ADAA09}.Release|x64.Build.0 = Release|Any CPU
		{9996207C-7B4B-4A91-9994-A0C159ADAA09}.Release|x86.ActiveCfg = Release|Any CPU
		{9996207C-7B4B-4A91-9994-A0C159ADAA09}.Release|x86.Build.0 = Release|Any CPU
	EndGlobalSection
	GlobalSection(SolutionProperties) = preSolution
		HideSolutionNode = FALSE
	EndGlobalSection
	GlobalSection(ExtensibilityGlobals) = postSolution
		SolutionGuid = {1DC09FA4-7E7B-401C-BFA6-D0CF61C79A04}
	EndGlobalSection
EndGlobal
